
Microsoft Visual Studio Solution File, Format Version 12.00
# Visual Studio Version 17
VisualStudioVersion = 17.14.36221.1
MinimumVisualStudioVersion = 10.0.40219.1
Project("{FAE04EC0-301F-11D3-BF4B-00C04F79EFBC}") = "ITISolution", "ITISolution\ITISolution.csproj", "{2687BA40-C611-425A-B9C6-1721ABE0218C}"
EndProject
Project("{FAE04EC0-301F-11D3-BF4B-00C04F79EFBC}") = "Task1.LeetCode", "Task1.LeetCode\Task1.LeetCode.csproj", "{3D0E7BF2-5741-40F3-A41A-7A1BCD50FF4A}"
EndProject
Project("{FAE04EC0-301F-11D3-BF4B-00C04F79EFBC}") = "D03", "D03\D03.csproj", "{57865649-4DCE-4F88-80CA-2BAEB8E30466}"
EndProject
Project("{FAE04EC0-301F-11D3-BF4B-00C04F79EFBC}") = "testApp", "testApp\testApp.csproj", "{0E9F69F7-5F89-414D-A77C-3165AAC657B3}"
EndProject
Project("{FAE04EC0-301F-11D3-BF4B-00C04F79EFBC}") = "D05", "D05\D05.csproj", "{82A67F22-1FEC-4166-9C1E-218EE7C1AB8E}"
EndProject
Global
	GlobalSection(SolutionConfigurationPlatforms) = preSolution
		Debug|Any CPU = Debug|Any CPU
		Release|Any CPU = Release|Any CPU
	EndGlobalSection
	GlobalSection(ProjectConfigurationPlatforms) = postSolution
		{2687BA40-C611-425A-B9C6-1721ABE0218C}.Debug|Any CPU.ActiveCfg = Debug|Any CPU
		{2687BA40-C611-425A-B9C6-1721ABE0218C}.Debug|Any CPU.Build.0 = Debug|Any CPU
		{2687BA40-C611-425A-B9C6-1721ABE0218C}.Release|Any CPU.ActiveCfg = Release|Any CPU
		{2687BA40-C611-425A-B9C6-1721ABE0218C}.Release|Any CPU.Build.0 = Release|Any CPU
		{3D0E7BF2-5741-40F3-A41A-7A1BCD50FF4A}.Debug|Any CPU.ActiveCfg = Debug|Any CPU
		{3D0E7BF2-5741-40F3-A41A-7A1BCD50FF4A}.Debug|Any CPU.Build.0 = Debug|Any CPU
		{3D0E7BF2-5741-40F3-A41A-7A1BCD50FF4A}.Release|Any CPU.ActiveCfg = Release|Any CPU
		{3D0E7BF2-5741-40F3-A41A-7A1BCD50FF4A}.Release|Any CPU.Build.0 = Release|Any CPU
		{57865649-4DCE-4F88-80CA-2BAEB8E30466}.Debug|Any CPU.ActiveCfg = Debug|Any CPU
		{57865649-4DCE-4F88-80CA-2BAEB8E30466}.Debug|Any CPU.Build.0 = Debug|Any CPU
		{57865649-4DCE-4F88-80CA-2BAEB8E30466}.Release|Any CPU.ActiveCfg = Release|Any CPU
		{57865649-4DCE-4F88-80CA-2BAEB8E30466}.Release|Any CPU.Build.0 = Release|Any CPU
		{0E9F69F7-5F89-414D-A77C-3165AAC657B3}.Debug|Any CPU.ActiveCfg = Debug|Any CPU
		{0E9F69F7-5F89-414D-A77C-3165AAC657B3}.Debug|Any CPU.Build.0 = Debug|Any CPU
		{0E9F69F7-5F89-414D-A77C-3165AAC657B3}.Release|Any CPU.ActiveCfg = Release|Any CPU
		{0E9F69F7-5F89-414D-A77C-3165AAC657B3}.Release|Any CPU.Build.0 = Release|Any CPU
		{82A67F22-1FEC-4166-9C1E-218EE7C1AB8E}.Debug|Any CPU.ActiveCfg = Debug|Any CPU
		{82A67F22-1FEC-4166-9C1E-218EE7C1AB8E}.Debug|Any CPU.Build.0 = Debug|Any CPU
		{82A67F22-1FEC-4166-9C1E-218EE7C1AB8E}.Release|Any CPU.ActiveCfg = Release|Any CPU
		{82A67F22-1FEC-4166-9C1E-218EE7C1AB8E}.Release|Any CPU.Build.0 = Release|Any CPU
	EndGlobalSection
	GlobalSection(SolutionProperties) = preSolution
		HideSolutionNode = FALSE
	EndGlobalSection
	GlobalSection(ExtensibilityGlobals) = postSolution
		SolutionGuid = {FDCA0F17-1B41-46FB-8F73-09C2284DA39D}
	EndGlobalSection
EndGlobal
